
Microsoft Visual Studio Solution File, Format Version 12.00
# Visual Studio 15
Project("{FAE04EC0-301F-11D3-BF4B-00C04F79EFBC}") = "Assembly-CSharp", "Assembly-CSharp.csproj", "{7A014FE3-88C4-E76D-E11B-8F522112372D}"
EndProject
Project("{FAE04EC0-301F-11D3-BF4B-00C04F79EFBC}") = "Assembly-CSharp-firstpass", "Assembly-CSharp-firstpass.csproj", "{07CE2202-B8B3-A1C7-B9F0-8364E1C293F4}"
EndProject
Global
	GlobalSection(SolutionConfigurationPlatforms) = preSolution
		Debug|Any CPU = Debug|Any CPU
		Release|Any CPU = Release|Any CPU
	EndGlobalSection
	GlobalSection(ProjectConfigurationPlatforms) = postSolution
		{7A014FE3-88C4-E76D-E11B-8F522112372D}.Debug|Any CPU.ActiveCfg = Debug|Any CPU
		{7A014FE3-88C4-E76D-E11B-8F522112372D}.Debug|Any CPU.Build.0 = Debug|Any CPU
		{7A014FE3-88C4-E76D-E11B-8F522112372D}.Release|Any CPU.ActiveCfg = Release|Any CPU
		{7A014FE3-88C4-E76D-E11B-8F522112372D}.Release|Any CPU.Build.0 = Release|Any CPU
		{07CE2202-B8B3-A1C7-B9F0-8364E1C293F4}.Debug|Any CPU.ActiveCfg = Debug|Any CPU
		{07CE2202-B8B3-A1C7-B9F0-8364E1C293F4}.Debug|Any CPU.Build.0 = Debug|Any CPU
		{07CE2202-B8B3-A1C7-B9F0-8364E1C293F4}.Release|Any CPU.ActiveCfg = Release|Any CPU
		{07CE2202-B8B3-A1C7-B9F0-8364E1C293F4}.Release|Any CPU.Build.0 = Release|Any CPU
	EndGlobalSection
	GlobalSection(SolutionProperties) = preSolution
		HideSolutionNode = FALSE
	EndGlobalSection
EndGlobal
